// !$*UTF8*$!
{
	archiveVersion = 1;
	classes = {
	};
	objectVersion = 46;
	objects = {

/* Begin PBXBuildFile section */
		638D3CBC1619DB4400A7F4CC /* UIKit.framework in Frameworks */ = {isa = PBXBuildFile; fileRef = 638D3CBB1619DB4400A7F4CC /* UIKit.framework */; };
		638D3CBE1619DB4400A7F4CC /* Foundation.framework in Frameworks */ = {isa = PBXBuildFile; fileRef = 638D3CBD1619DB4400A7F4CC /* Foundation.framework */; };
		638D3CC01619DB4400A7F4CC /* CoreGraphics.framework in Frameworks */ = {isa = PBXBuildFile; fileRef = 638D3CBF1619DB4400A7F4CC /* CoreGraphics.framework */; };
		638D3CC61619DB4400A7F4CC /* InfoPlist.strings in Resources */ = {isa = PBXBuildFile; fileRef = 638D3CC41619DB4400A7F4CC /* InfoPlist.strings */; };
		638D3CC81619DB4400A7F4CC /* main.m in Sources */ = {isa = PBXBuildFile; fileRef = 638D3CC71619DB4400A7F4CC /* main.m */; };
		638D3CCC1619DB4400A7F4CC /* prfgrmAppDelegate.m in Sources */ = {isa = PBXBuildFile; fileRef = 638D3CCB1619DB4400A7F4CC /* prfgrmAppDelegate.m */; };
		638D3CCE1619DB4400A7F4CC /* Default.png in Resources */ = {isa = PBXBuildFile; fileRef = 638D3CCD1619DB4400A7F4CC /* Default.png */; };
		638D3CD01619DB4400A7F4CC /* Default@2x.png in Resources */ = {isa = PBXBuildFile; fileRef = 638D3CCF1619DB4400A7F4CC /* Default@2x.png */; };
		638D3CD21619DB4400A7F4CC /* Default-568h@2x.png in Resources */ = {isa = PBXBuildFile; fileRef = 638D3CD11619DB4400A7F4CC /* Default-568h@2x.png */; };
/* End PBXBuildFile section */

/* Begin PBXFileReference section */
		638D3CB71619DB4400A7F4CC /* accel.app */ = {isa = PBXFileReference; explicitFileType = wrapper.application; includeInIndex = 0; path = accel.app; sourceTree = BUILT_PRODUCTS_DIR; };
		638D3CBB1619DB4400A7F4CC /* UIKit.framework */ = {isa = PBXFileReference; lastKnownFileType = wrapper.framework; name = UIKit.framework; path = System/Library/Frameworks/UIKit.framework; sourceTree = SDKROOT; };
		638D3CBD1619DB4400A7F4CC /* Foundation.framework */ = {isa = PBXFileReference; lastKnownFileType = wrapper.framework; name = Foundation.framework; path = System/Library/Frameworks/Foundation.framework; sourceTree = SDKROOT; };
		638D3CBF1619DB4400A7F4CC /* CoreGraphics.framework */ = {isa = PBXFileReference; lastKnownFileType = wrapper.framework; name = CoreGraphics.framework; path = System/Library/Frameworks/CoreGraphics.framework; sourceTree = SDKROOT; };
		638D3CC31619DB4400A7F4CC /* accel-Info.plist */ = {isa = PBXFileReference; lastKnownFileType = text.plist.xml; path = "accel-Info.plist"; sourceTree = "<group>"; };
		638D3CC51619DB4400A7F4CC /* en */ = {isa = PBXFileReference; lastKnownFileType = text.plist.strings; name = en; path = en.lproj/InfoPlist.strings; sourceTree = "<group>"; };
		638D3CC71619DB4400A7F4CC /* main.m */ = {isa = PBXFileReference; lastKnownFileType = sourcecode.c.objc; path = main.m; sourceTree = "<group>"; };
		638D3CC91619DB4400A7F4CC /* accel-Prefix.pch */ = {isa = PBXFileReference; lastKnownFileType = sourcecode.c.h; path = "accel-Prefix.pch"; sourceTree = "<group>"; };
		638D3CCA1619DB4400A7F4CC /* prfgrmAppDelegate.h */ = {isa = PBXFileReference; lastKnownFileType = sourcecode.c.h; path = prfgrmAppDelegate.h; sourceTree = "<group>"; };
		638D3CCB1619DB4400A7F4CC /* prfgrmAppDelegate.m */ = {isa = PBXFileReference; lastKnownFileType = sourcecode.c.objc; path = prfgrmAppDelegate.m; sourceTree = "<group>"; };
		638D3CCD1619DB4400A7F4CC /* Default.png */ = {isa = PBXFileReference; lastKnownFileType = image.png; path = Default.png; sourceTree = "<group>"; };
		638D3CCF1619DB4400A7F4CC /* Default@2x.png */ = {isa = PBXFileReference; lastKnownFileType = image.png; path = "Default@2x.png"; sourceTree = "<group>"; };
		638D3CD11619DB4400A7F4CC /* Default-568h@2x.png */ = {isa = PBXFileReference; lastKnownFileType = image.png; path = "Default-568h@2x.png"; sourceTree = "<group>"; };
/* End PBXFileReference section */

/* Begin PBXFrameworksBuildPhase section */
		638D3CB41619DB4400A7F4CC /* Frameworks */ = {
			isa = PBXFrameworksBuildPhase;
			buildActionMask = 2147483647;
			files = (
				638D3CBC1619DB4400A7F4CC /* UIKit.framework in Frameworks */,
				638D3CBE1619DB4400A7F4CC /* Foundation.framework in Frameworks */,
				638D3CC01619DB4400A7F4CC /* CoreGraphics.framework in Frameworks */,
			);
			runOnlyForDeploymentPostprocessing = 0;
		};
/* End PBXFrameworksBuildPhase section */

/* Begin PBXGroup section */
		638D3CAC1619DB4400A7F4CC = {
			isa = PBXGroup;
			children = (
				638D3CC11619DB4400A7F4CC /* accel */,
				638D3CBA1619DB4400A7F4CC /* Frameworks */,
				638D3CB81619DB4400A7F4CC /* Products */,
			);
			sourceTree = "<group>";
		};
		638D3CB81619DB4400A7F4CC /* Products */ = {
			isa = PBXGroup;
			children = (
				638D3CB71619DB4400A7F4CC /* accel.app */,
			);
			name = Products;
			sourceTree = "<group>";
		};
		638D3CBA1619DB4400A7F4CC /* Frameworks */ = {
			isa = PBXGroup;
			children = (
				638D3CBB1619DB4400A7F4CC /* UIKit.framework */,
				638D3CBD1619DB4400A7F4CC /* Foundation.framework */,
				638D3CBF1619DB4400A7F4CC /* CoreGraphics.framework */,
			);
			name = Frameworks;
			sourceTree = "<group>";
		};
		638D3CC11619DB4400A7F4CC /* accel */ = {
			isa = PBXGroup;
			children = (
				638D3CCA1619DB4400A7F4CC /* prfgrmAppDelegate.h */,
				638D3CCB1619DB4400A7F4CC /* prfgrmAppDelegate.m */,
				638D3CC21619DB4400A7F4CC /* Supporting Files */,
			);
			path = accel;
			sourceTree = "<group>";
		};
		638D3CC21619DB4400A7F4CC /* Supporting Files */ = {
			isa = PBXGroup;
			children = (
				638D3CC31619DB4400A7F4CC /* accel-Info.plist */,
				638D3CC41619DB4400A7F4CC /* InfoPlist.strings */,
				638D3CC71619DB4400A7F4CC /* main.m */,
				638D3CC91619DB4400A7F4CC /* accel-Prefix.pch */,
				638D3CCD1619DB4400A7F4CC /* Default.png */,
				638D3CCF1619DB4400A7F4CC /* Default@2x.png */,
				638D3CD11619DB4400A7F4CC /* Default-568h@2x.png */,
			);
			name = "Supporting Files";
			sourceTree = "<group>";
		};
/* End PBXGroup section */

/* Begin PBXNativeTarget section */
		638D3CB61619DB4400A7F4CC /* accel */ = {
			isa = PBXNativeTarget;
			buildConfigurationList = 638D3CD51619DB4400A7F4CC /* Build configuration list for PBXNativeTarget "accel" */;
			buildPhases = (
				638D3CB31619DB4400A7F4CC /* Sources */,
				638D3CB41619DB4400A7F4CC /* Frameworks */,
				638D3CB51619DB4400A7F4CC /* Resources */,
			);
			buildRules = (
			);
			dependencies = (
			);
			name = accel;
			productName = accel;
			productReference = 638D3CB71619DB4400A7F4CC /* accel.app */;
			productType = "com.apple.product-type.application";
		};
/* End PBXNativeTarget section */

/* Begin PBXProject section */
		638D3CAE1619DB4400A7F4CC /* Project object */ = {
			isa = PBXProject;
			attributes = {
				CLASSPREFIX = prfgrm;
				LastUpgradeCheck = 0450;
				ORGANIZATIONNAME = MTBrain;
			};
			buildConfigurationList = 638D3CB11619DB4400A7F4CC /* Build configuration list for PBXProject "accel" */;
			compatibilityVersion = "Xcode 3.2";
			developmentRegion = English;
			hasScannedForEncodings = 0;
			knownRegions = (
				en,
			);
			mainGroup = 638D3CAC1619DB4400A7F4CC;
			productRefGroup = 638D3CB81619DB4400A7F4CC /* Products */;
			projectDirPath = "";
			projectRoot = "";
			targets = (
				638D3CB61619DB4400A7F4CC /* accel */,
			);
		};
/* End PBXProject section */

/* Begin PBXResourcesBuildPhase section */
		638D3CB51619DB4400A7F4CC /* Resources */ = {
			isa = PBXResourcesBuildPhase;
			buildActionMask = 2147483647;
			files = (
				638D3CC61619DB4400A7F4CC /* InfoPlist.strings in Resources */,
				638D3CCE1619DB4400A7F4CC /* Default.png in Resources */,
				638D3CD01619DB4400A7F4CC /* Default@2x.png in Resources */,
				638D3CD21619DB4400A7F4CC /* Default-568h@2x.png in Resources */,
			);
			runOnlyForDeploymentPostprocessing = 0;
		};
/* End PBXResourcesBuildPhase section */

/* Begin PBXSourcesBuildPhase section */
		638D3CB31619DB4400A7F4CC /* Sources */ = {
			isa = PBXSourcesBuildPhase;
			buildActionMask = 2147483647;
			files = (
				638D3CC81619DB4400A7F4CC /* main.m in Sources */,
				638D3CCC1619DB4400A7F4CC /* prfgrmAppDelegate.m in Sources */,
			);
			runOnlyForDeploymentPostprocessing = 0;
		};
/* End PBXSourcesBuildPhase section */

/* Begin PBXVariantGroup section */
		638D3CC41619DB4400A7F4CC /* InfoPlist.strings */ = {
			isa = PBXVariantGroup;
			children = (
				638D3CC51619DB4400A7F4CC /* en */,
			);
			name = InfoPlist.strings;
			sourceTree = "<group>";
		};
/* End PBXVariantGroup section */

/* Begin XCBuildConfiguration section */
		638D3CD31619DB4400A7F4CC /* Debug */ = {
			isa = XCBuildConfiguration;
			buildSettings = {
				ALWAYS_SEARCH_USER_PATHS = NO;
				CLANG_CXX_LANGUAGE_STANDARD = "gnu++0x";
				CLANG_CXX_LIBRARY = "libc++";
				CLANG_WARN_EMPTY_BODY = YES;
				CLANG_WARN__DUPLICATE_METHOD_MATCH = YES;
				"CODE_SIGN_IDENTITY[sdk=iphoneos*]" = "iPhone Developer";
				COPY_PHASE_STRIP = NO;
				GCC_C_LANGUAGE_STANDARD = gnu99;
				GCC_DYNAMIC_NO_PIC = NO;
				GCC_OPTIMIZATION_LEVEL = 0;
				GCC_PREPROCESSOR_DEFINITIONS = (
					"DEBUG=1",
					"$(inherited)",
				);
				GCC_SYMBOLS_PRIVATE_EXTERN = NO;
				GCC_WARN_ABOUT_RETURN_TYPE = YES;
				GCC_WARN_UNINITIALIZED_AUTOS = YES;
				GCC_WARN_UNUSED_VARIABLE = YES;
				IPHONEOS_DEPLOYMENT_TARGET = 6.0;
				SDKROOT = iphoneos;
			};
			name = Debug;
		};
		638D3CD41619DB4400A7F4CC /* Release */ = {
			isa = XCBuildConfiguration;
			buildSettings = {
				ALWAYS_SEARCH_USER_PATHS = NO;
				CLANG_CXX_LANGUAGE_STANDARD = "gnu++0x";
				CLANG_CXX_LIBRARY = "libc++";
				CLANG_WARN_EMPTY_BODY = YES;
				CLANG_WARN__DUPLICATE_METHOD_MATCH = YES;
				"CODE_SIGN_IDENTITY[sdk=iphoneos*]" = "iPhone Developer";
				COPY_PHASE_STRIP = YES;
				GCC_C_LANGUAGE_STANDARD = gnu99;
				GCC_WARN_ABOUT_RETURN_TYPE = YES;
				GCC_WARN_UNINITIALIZED_AUTOS = YES;
				GCC_WARN_UNUSED_VARIABLE = YES;
				IPHONEOS_DEPLOYMENT_TARGET = 6.0;
				OTHER_CFLAGS = "-DNS_BLOCK_ASSERTIONS=1";
				SDKROOT = iphoneos;
				VALIDATE_PRODUCT = YES;
			};
			name = Release;
		};
		638D3CD61619DB4400A7F4CC /* Debug */ = {
			isa = XCBuildConfiguration;
			buildSettings = {
				GCC_PRECOMPILE_PREFIX_HEADER = YES;
				GCC_PREFIX_HEADER = "accel/accel-Prefix.pch";
				INFOPLIST_FILE = "accel/accel-Info.plist";
				PRODUCT_NAME = "$(TARGET_NAME)";
				WRAPPER_EXTENSION = app;
			};
			name = Debug;
		};
		638D3CD71619DB4400A7F4CC /* Release */ = {
			isa = XCBuildConfiguration;
			buildSettings = {
				GCC_PRECOMPILE_PREFIX_HEADER = YES;
				GCC_PREFIX_HEADER = "accel/accel-Prefix.pch";
				INFOPLIST_FILE = "accel/accel-Info.plist";
				PRODUCT_NAME = "$(TARGET_NAME)";
				WRAPPER_EXTENSION = app;
			};
			name = Release;
		};
/* End XCBuildConfiguration section */

/* Begin XCConfigurationList section */
		638D3CB11619DB4400A7F4CC /* Build configuration list for PBXProject "accel" */ = {
			isa = XCConfigurationList;
			buildConfigurations = (
				638D3CD31619DB4400A7F4CC /* Debug */,
				638D3CD41619DB4400A7F4CC /* Release */,
			);
			defaultConfigurationIsVisible = 0;
			defaultConfigurationName = Release;
		};
		638D3CD51619DB4400A7F4CC /* Build configuration list for PBXNativeTarget "accel" */ = {
			isa = XCConfigurationList;
			buildConfigurations = (
				638D3CD61619DB4400A7F4CC /* Debug */,
				638D3CD71619DB4400A7F4CC /* Release */,
			);
			defaultConfigurationIsVisible = 0;
		};
/* End XCConfigurationList section */
	};
	rootObject = 638D3CAE1619DB4400A7F4CC /* Project object */;
}
